
Microsoft Visual Studio Solution File, Format Version 12.00
# Visual Studio Version 17
VisualStudioVersion = 17.0.31903.59
MinimumVisualStudioVersion = 10.0.40219.1
Project("{FAE04EC0-301F-11D3-BF4B-00C04F79EFBC}") = "ChequeConverter.Web", "ChequeConverter.Web\ChequeConverter.Web.csproj", "{D69C9824-A782-4B8E-9E76-790D9EA157A1}"
EndProject
Project("{FAE04EC0-301F-11D3-BF4B-00C04F79EFBC}") = "ChequeConverter.Tests", "ChequeConverter.Tests\ChequeConverter.Tests.csproj", "{D30358D3-F088-460F-A733-4B4C76EDCBE4}"
EndProject
Global
	GlobalSection(SolutionConfigurationPlatforms) = preSolution
		Debug|Any CPU = Debug|Any CPU
		Debug|x64 = Debug|x64
		Debug|x86 = Debug|x86
		Release|Any CPU = Release|Any CPU
		Release|x64 = Release|x64
		Release|x86 = Release|x86
	EndGlobalSection
	GlobalSection(ProjectConfigurationPlatforms) = postSolution
		{D69C9824-A782-4B8E-9E76-790D9EA157A1}.Debug|Any CPU.ActiveCfg = Debug|Any CPU
		{D69C9824-A782-4B8E-9E76-790D9EA157A1}.Debug|Any CPU.Build.0 = Debug|Any CPU
		{D69C9824-A782-4B8E-9E76-790D9EA157A1}.Debug|x64.ActiveCfg = Debug|Any CPU
		{D69C9824-A782-4B8E-9E76-790D9EA157A1}.Debug|x64.Build.0 = Debug|Any CPU
		{D69C9824-A782-4B8E-9E76-790D9EA157A1}.Debug|x86.ActiveCfg = Debug|Any CPU
		{D69C9824-A782-4B8E-9E76-790D9EA157A1}.Debug|x86.Build.0 = Debug|Any CPU
		{D69C9824-A782-4B8E-9E76-790D9EA157A1}.Release|Any CPU.ActiveCfg = Release|Any CPU
		{D69C9824-A782-4B8E-9E76-790D9EA157A1}.Release|Any CPU.Build.0 = Release|Any CPU
		{D69C9824-A782-4B8E-9E76-790D9EA157A1}.Release|x64.ActiveCfg = Release|Any CPU
		{D69C9824-A782-4B8E-9E76-790D9EA157A1}.Release|x64.Build.0 = Release|Any CPU
		{D69C9824-A782-4B8E-9E76-790D9EA157A1}.Release|x86.ActiveCfg = Release|Any CPU
		{D69C9824-A782-4B8E-9E76-790D9EA157A1}.Release|x86.Build.0 = Release|Any CPU
		{D30358D3-F088-460F-A733-4B4C76EDCBE4}.Debug|Any CPU.ActiveCfg = Debug|Any CPU
		{D30358D3-F088-460F-A733-4B4C76EDCBE4}.Debug|Any CPU.Build.0 = Debug|Any CPU
		{D30358D3-F088-460F-A733-4B4C76EDCBE4}.Debug|x64.ActiveCfg = Debug|Any CPU
		{D30358D3-F088-460F-A733-4B4C76EDCBE4}.Debug|x64.Build.0 = Debug|Any CPU
		{D30358D3-F088-460F-A733-4B4C76EDCBE4}.Debug|x86.ActiveCfg = Debug|Any CPU
		{D30358D3-F088-460F-A733-4B4C76EDCBE4}.Debug|x86.Build.0 = Debug|Any CPU
		{D30358D3-F088-460F-A733-4B4C76EDCBE4}.Release|Any CPU.ActiveCfg = Release|Any CPU
		{D30358D3-F088-460F-A733-4B4C76EDCBE4}.Release|Any CPU.Build.0 = Release|Any CPU
		{D30358D3-F088-460F-A733-4B4C76EDCBE4}.Release|x64.ActiveCfg = Release|Any CPU
		{D30358D3-F088-460F-A733-4B4C76EDCBE4}.Release|x64.Build.0 = Release|Any CPU
		{D30358D3-F088-460F-A733-4B4C76EDCBE4}.Release|x86.ActiveCfg = Release|Any CPU
		{D30358D3-F088-460F-A733-4B4C76EDCBE4}.Release|x86.Build.0 = Release|Any CPU
	EndGlobalSection
	GlobalSection(SolutionProperties) = preSolution
		HideSolutionNode = FALSE
	EndGlobalSection
EndGlobal
